
Microsoft Visual Studio Solution File, Format Version 12.00
#
Project("{FAE04EC0-301F-11D3-BF4B-00C04F79EFBC}") = "InnowisePet.Models", "InnowisePet.Models\InnowisePet.Models.csproj", "{AEBCD7B5-5A0C-421B-A6E1-CB33A4A7E1E8}"
EndProject
Project("{FAE04EC0-301F-11D3-BF4B-00C04F79EFBC}") = "InnowisePet.Gateway", "InnowisePet.Gateway\InnowisePet.Gateway.csproj", "{F9DC6D2C-B8AB-40CF-973A-342E01817F6C}"
EndProject
Project("{FAE04EC0-301F-11D3-BF4B-00C04F79EFBC}") = "InnowisePet.Services.IdentityServer4", "InnowisePet.Services.IdentityServer4\InnowisePet.Services.IdentityServer4.csproj", "{F87BE861-745C-453C-96F2-8DA70F6363B4}"
EndProject
Project("{2150E333-8FDC-42A3-9474-1A3956D46DE8}") = "Report", "Report", "{FBD732F1-9D91-462D-84BB-0308DB7D7F3C}"
EndProject
Project("{2150E333-8FDC-42A3-9474-1A3956D46DE8}") = "IdentityServer4", "IdentityServer4", "{7B5AE6E3-CB59-43A2-929D-AF7EEE5EE113}"
EndProject
Project("{2150E333-8FDC-42A3-9474-1A3956D46DE8}") = "Common", "Common", "{0E56B564-6E8F-46F2-BE07-C47779A8A786}"
EndProject
Project("{2150E333-8FDC-42A3-9474-1A3956D46DE8}") = "Services", "Services", "{1250236F-9CFA-4609-82C6-024E9E6BA09E}"
EndProject
Project("{2150E333-8FDC-42A3-9474-1A3956D46DE8}") = "Order", "Order", "{8C2076BD-6FDF-4573-94B4-D5D928975DCF}"
EndProject
Project("{FAE04EC0-301F-11D3-BF4B-00C04F79EFBC}") = "InnowisePet.Services.Order.DAL", "InnowisePet.Services.Order.DAL\InnowisePet.Services.Order.DAL.csproj", "{8C756959-8D9B-46A8-B96D-906102811E20}"
EndProject
Project("{FAE04EC0-301F-11D3-BF4B-00C04F79EFBC}") = "InnowisePet.Services.Order.BLL", "InnowisePet.Services.Order.BLL\InnowisePet.Services.Order.BLL.csproj", "{78543FAC-CCC1-4DCA-A30F-681F7CA82E03}"
EndProject
Project("{FAE04EC0-301F-11D3-BF4B-00C04F79EFBC}") = "InnowisePet.Services.Order.API", "InnowisePet.Services.Order.API\InnowisePet.Services.Order.API.csproj", "{F34BA4C9-0AA1-412C-8930-32F347014543}"
EndProject
Project("{FAE04EC0-301F-11D3-BF4B-00C04F79EFBC}") = "InnowisePet.Services.Report.API", "InnowisePet.Services.Report.API\InnowisePet.Services.Report.API.csproj", "{5720F083-42C2-48FB-B071-3B59F27DE837}"
EndProject
Project("{FAE04EC0-301F-11D3-BF4B-00C04F79EFBC}") = "InnowisePet.Services.Report.BLL", "InnowisePet.Services.Report.BLL\InnowisePet.Services.Report.BLL.csproj", "{2441BD1A-4EE8-491B-BE07-28F3A205282F}"
EndProject
Project("{FAE04EC0-301F-11D3-BF4B-00C04F79EFBC}") = "InnowisePet.Services.Report.DAL", "InnowisePet.Services.Report.DAL\InnowisePet.Services.Report.DAL.csproj", "{EBB81991-9EAD-4C73-8BC3-B46CFBF5944F}"
EndProject
Project("{FAE04EC0-301F-11D3-BF4B-00C04F79EFBC}") = "InnowisePet.HttpClients", "InnowisePet.HttpClients\InnowisePet.HttpClients.csproj", "{A1E5D4B7-419A-40FB-830D-D9E9E093C9A6}"
EndProject
Project("{2150E333-8FDC-42A3-9474-1A3956D46DE8}") = "Storage", "Storage", "{2E6B1DBA-E836-4E8B-A083-69235F6701DD}"
EndProject
Project("{FAE04EC0-301F-11D3-BF4B-00C04F79EFBC}") = "InnowisePet.Services.Storage.API", "InnowisePet.Services.Storage.API\InnowisePet.Services.Storage.API.csproj", "{DF1B8C68-E3E4-454A-9868-ABE8F6179FA7}"
EndProject
Project("{FAE04EC0-301F-11D3-BF4B-00C04F79EFBC}") = "InnowisePet.Services.Storage.BLL", "InnowisePet.Services.Storage.BLL\InnowisePet.Services.Storage.BLL.csproj", "{942E6028-4D28-4DE5-9DFD-51E90F9A3D52}"
EndProject
Project("{FAE04EC0-301F-11D3-BF4B-00C04F79EFBC}") = "InnowisePet.Services.Storage.DAL", "InnowisePet.Services.Storage.DAL\InnowisePet.Services.Storage.DAL.csproj", "{9156FFB3-6ADA-413D-A451-1125B28EFA65}"
EndProject
Project("{2150E333-8FDC-42A3-9474-1A3956D46DE8}") = "Product", "Product", "{343CCFA8-D653-4415-A35C-BDDCA97E30BE}"
EndProject
Project("{FAE04EC0-301F-11D3-BF4B-00C04F79EFBC}") = "InnowisePet.Services.Product.API", "InnowisePet.Services.Product.API\InnowisePet.Services.Product.API.csproj", "{6E1D1909-2261-49AC-8CAB-5BDB957088F7}"
EndProject
Project("{FAE04EC0-301F-11D3-BF4B-00C04F79EFBC}") = "InnowisePet.Services.Product.BLL", "InnowisePet.Services.Product.BLL\InnowisePet.Services.Product.BLL.csproj", "{EC406820-144B-4C3D-A3F3-4C2BE1ACCB76}"
EndProject
Project("{FAE04EC0-301F-11D3-BF4B-00C04F79EFBC}") = "InnowisePet.Services.Product.DAL", "InnowisePet.Services.Product.DAL\InnowisePet.Services.Product.DAL.csproj", "{6C493B17-C887-488A-AF36-F6F1CBD1FA60}"
EndProject
Project("{FAE04EC0-301F-11D3-BF4B-00C04F79EFBC}") = "InnowisePet.Services.Product.Tests", "InnowisePet.Services.Product.Tests\InnowisePet.Services.Product.Tests.csproj", "{2B19923F-AF3F-4FD5-9CCC-0E590C3A4AA0}"
EndProject
Global
	GlobalSection(SolutionConfigurationPlatforms) = preSolution
		Debug|Any CPU = Debug|Any CPU
		Release|Any CPU = Release|Any CPU
	EndGlobalSection
	GlobalSection(ProjectConfigurationPlatforms) = postSolution
		{AEBCD7B5-5A0C-421B-A6E1-CB33A4A7E1E8}.Debug|Any CPU.ActiveCfg = Debug|Any CPU
		{AEBCD7B5-5A0C-421B-A6E1-CB33A4A7E1E8}.Debug|Any CPU.Build.0 = Debug|Any CPU
		{AEBCD7B5-5A0C-421B-A6E1-CB33A4A7E1E8}.Release|Any CPU.ActiveCfg = Release|Any CPU
		{AEBCD7B5-5A0C-421B-A6E1-CB33A4A7E1E8}.Release|Any CPU.Build.0 = Release|Any CPU
		{F9DC6D2C-B8AB-40CF-973A-342E01817F6C}.Debug|Any CPU.ActiveCfg = Debug|Any CPU
		{F9DC6D2C-B8AB-40CF-973A-342E01817F6C}.Debug|Any CPU.Build.0 = Debug|Any CPU
		{F9DC6D2C-B8AB-40CF-973A-342E01817F6C}.Release|Any CPU.ActiveCfg = Release|Any CPU
		{F9DC6D2C-B8AB-40CF-973A-342E01817F6C}.Release|Any CPU.Build.0 = Release|Any CPU
		{F87BE861-745C-453C-96F2-8DA70F6363B4}.Debug|Any CPU.ActiveCfg = Debug|Any CPU
		{F87BE861-745C-453C-96F2-8DA70F6363B4}.Debug|Any CPU.Build.0 = Debug|Any CPU
		{F87BE861-745C-453C-96F2-8DA70F6363B4}.Release|Any CPU.ActiveCfg = Release|Any CPU
		{F87BE861-745C-453C-96F2-8DA70F6363B4}.Release|Any CPU.Build.0 = Release|Any CPU
		{8C756959-8D9B-46A8-B96D-906102811E20}.Debug|Any CPU.ActiveCfg = Debug|Any CPU
		{8C756959-8D9B-46A8-B96D-906102811E20}.Debug|Any CPU.Build.0 = Debug|Any CPU
		{8C756959-8D9B-46A8-B96D-906102811E20}.Release|Any CPU.ActiveCfg = Release|Any CPU
		{8C756959-8D9B-46A8-B96D-906102811E20}.Release|Any CPU.Build.0 = Release|Any CPU
		{78543FAC-CCC1-4DCA-A30F-681F7CA82E03}.Debug|Any CPU.ActiveCfg = Debug|Any CPU
		{78543FAC-CCC1-4DCA-A30F-681F7CA82E03}.Debug|Any CPU.Build.0 = Debug|Any CPU
		{78543FAC-CCC1-4DCA-A30F-681F7CA82E03}.Release|Any CPU.ActiveCfg = Release|Any CPU
		{78543FAC-CCC1-4DCA-A30F-681F7CA82E03}.Release|Any CPU.Build.0 = Release|Any CPU
		{F34BA4C9-0AA1-412C-8930-32F347014543}.Debug|Any CPU.ActiveCfg = Debug|Any CPU
		{F34BA4C9-0AA1-412C-8930-32F347014543}.Debug|Any CPU.Build.0 = Debug|Any CPU
		{F34BA4C9-0AA1-412C-8930-32F347014543}.Release|Any CPU.ActiveCfg = Release|Any CPU
		{F34BA4C9-0AA1-412C-8930-32F347014543}.Release|Any CPU.Build.0 = Release|Any CPU
		{5720F083-42C2-48FB-B071-3B59F27DE837}.Debug|Any CPU.ActiveCfg = Debug|Any CPU
		{5720F083-42C2-48FB-B071-3B59F27DE837}.Debug|Any CPU.Build.0 = Debug|Any CPU
		{5720F083-42C2-48FB-B071-3B59F27DE837}.Release|Any CPU.ActiveCfg = Release|Any CPU
		{5720F083-42C2-48FB-B071-3B59F27DE837}.Release|Any CPU.Build.0 = Release|Any CPU
		{2441BD1A-4EE8-491B-BE07-28F3A205282F}.Debug|Any CPU.ActiveCfg = Debug|Any CPU
		{2441BD1A-4EE8-491B-BE07-28F3A205282F}.Debug|Any CPU.Build.0 = Debug|Any CPU
		{2441BD1A-4EE8-491B-BE07-28F3A205282F}.Release|Any CPU.ActiveCfg = Release|Any CPU
		{2441BD1A-4EE8-491B-BE07-28F3A205282F}.Release|Any CPU.Build.0 = Release|Any CPU
		{EBB81991-9EAD-4C73-8BC3-B46CFBF5944F}.Debug|Any CPU.ActiveCfg = Debug|Any CPU
		{EBB81991-9EAD-4C73-8BC3-B46CFBF5944F}.Debug|Any CPU.Build.0 = Debug|Any CPU
		{EBB81991-9EAD-4C73-8BC3-B46CFBF5944F}.Release|Any CPU.ActiveCfg = Release|Any CPU
		{EBB81991-9EAD-4C73-8BC3-B46CFBF5944F}.Release|Any CPU.Build.0 = Release|Any CPU
		{A1E5D4B7-419A-40FB-830D-D9E9E093C9A6}.Debug|Any CPU.ActiveCfg = Debug|Any CPU
		{A1E5D4B7-419A-40FB-830D-D9E9E093C9A6}.Debug|Any CPU.Build.0 = Debug|Any CPU
		{A1E5D4B7-419A-40FB-830D-D9E9E093C9A6}.Release|Any CPU.ActiveCfg = Release|Any CPU
		{A1E5D4B7-419A-40FB-830D-D9E9E093C9A6}.Release|Any CPU.Build.0 = Release|Any CPU
		{DF1B8C68-E3E4-454A-9868-ABE8F6179FA7}.Debug|Any CPU.ActiveCfg = Debug|Any CPU
		{DF1B8C68-E3E4-454A-9868-ABE8F6179FA7}.Debug|Any CPU.Build.0 = Debug|Any CPU
		{DF1B8C68-E3E4-454A-9868-ABE8F6179FA7}.Release|Any CPU.ActiveCfg = Release|Any CPU
		{DF1B8C68-E3E4-454A-9868-ABE8F6179FA7}.Release|Any CPU.Build.0 = Release|Any CPU
		{942E6028-4D28-4DE5-9DFD-51E90F9A3D52}.Debug|Any CPU.ActiveCfg = Debug|Any CPU
		{942E6028-4D28-4DE5-9DFD-51E90F9A3D52}.Debug|Any CPU.Build.0 = Debug|Any CPU
		{942E6028-4D28-4DE5-9DFD-51E90F9A3D52}.Release|Any CPU.ActiveCfg = Release|Any CPU
		{942E6028-4D28-4DE5-9DFD-51E90F9A3D52}.Release|Any CPU.Build.0 = Release|Any CPU
		{9156FFB3-6ADA-413D-A451-1125B28EFA65}.Debug|Any CPU.ActiveCfg = Debug|Any CPU
		{9156FFB3-6ADA-413D-A451-1125B28EFA65}.Debug|Any CPU.Build.0 = Debug|Any CPU
		{9156FFB3-6ADA-413D-A451-1125B28EFA65}.Release|Any CPU.ActiveCfg = Release|Any CPU
		{9156FFB3-6ADA-413D-A451-1125B28EFA65}.Release|Any CPU.Build.0 = Release|Any CPU
		{6E1D1909-2261-49AC-8CAB-5BDB957088F7}.Debug|Any CPU.ActiveCfg = Debug|Any CPU
		{6E1D1909-2261-49AC-8CAB-5BDB957088F7}.Debug|Any CPU.Build.0 = Debug|Any CPU
		{6E1D1909-2261-49AC-8CAB-5BDB957088F7}.Release|Any CPU.ActiveCfg = Release|Any CPU
		{6E1D1909-2261-49AC-8CAB-5BDB957088F7}.Release|Any CPU.Build.0 = Release|Any CPU
		{EC406820-144B-4C3D-A3F3-4C2BE1ACCB76}.Debug|Any CPU.ActiveCfg = Debug|Any CPU
		{EC406820-144B-4C3D-A3F3-4C2BE1ACCB76}.Debug|Any CPU.Build.0 = Debug|Any CPU
		{EC406820-144B-4C3D-A3F3-4C2BE1ACCB76}.Release|Any CPU.ActiveCfg = Release|Any CPU
		{EC406820-144B-4C3D-A3F3-4C2BE1ACCB76}.Release|Any CPU.Build.0 = Release|Any CPU
		{6C493B17-C887-488A-AF36-F6F1CBD1FA60}.Debug|Any CPU.ActiveCfg = Debug|Any CPU
		{6C493B17-C887-488A-AF36-F6F1CBD1FA60}.Debug|Any CPU.Build.0 = Debug|Any CPU
		{6C493B17-C887-488A-AF36-F6F1CBD1FA60}.Release|Any CPU.ActiveCfg = Release|Any CPU
		{6C493B17-C887-488A-AF36-F6F1CBD1FA60}.Release|Any CPU.Build.0 = Release|Any CPU
		{2B19923F-AF3F-4FD5-9CCC-0E590C3A4AA0}.Debug|Any CPU.ActiveCfg = Debug|Any CPU
		{2B19923F-AF3F-4FD5-9CCC-0E590C3A4AA0}.Debug|Any CPU.Build.0 = Debug|Any CPU
		{2B19923F-AF3F-4FD5-9CCC-0E590C3A4AA0}.Release|Any CPU.ActiveCfg = Release|Any CPU
		{2B19923F-AF3F-4FD5-9CCC-0E590C3A4AA0}.Release|Any CPU.Build.0 = Release|Any CPU
	EndGlobalSection
	GlobalSection(NestedProjects) = preSolution
		{F87BE861-745C-453C-96F2-8DA70F6363B4} = {7B5AE6E3-CB59-43A2-929D-AF7EEE5EE113}
		{F9DC6D2C-B8AB-40CF-973A-342E01817F6C} = {0E56B564-6E8F-46F2-BE07-C47779A8A786}
		{FBD732F1-9D91-462D-84BB-0308DB7D7F3C} = {1250236F-9CFA-4609-82C6-024E9E6BA09E}
		{8C2076BD-6FDF-4573-94B4-D5D928975DCF} = {1250236F-9CFA-4609-82C6-024E9E6BA09E}
		{8C756959-8D9B-46A8-B96D-906102811E20} = {8C2076BD-6FDF-4573-94B4-D5D928975DCF}
		{78543FAC-CCC1-4DCA-A30F-681F7CA82E03} = {8C2076BD-6FDF-4573-94B4-D5D928975DCF}
		{F34BA4C9-0AA1-412C-8930-32F347014543} = {8C2076BD-6FDF-4573-94B4-D5D928975DCF}
		{5720F083-42C2-48FB-B071-3B59F27DE837} = {FBD732F1-9D91-462D-84BB-0308DB7D7F3C}
		{2441BD1A-4EE8-491B-BE07-28F3A205282F} = {FBD732F1-9D91-462D-84BB-0308DB7D7F3C}
		{EBB81991-9EAD-4C73-8BC3-B46CFBF5944F} = {FBD732F1-9D91-462D-84BB-0308DB7D7F3C}
		{A1E5D4B7-419A-40FB-830D-D9E9E093C9A6} = {0E56B564-6E8F-46F2-BE07-C47779A8A786}
		{2E6B1DBA-E836-4E8B-A083-69235F6701DD} = {1250236F-9CFA-4609-82C6-024E9E6BA09E}
		{DF1B8C68-E3E4-454A-9868-ABE8F6179FA7} = {2E6B1DBA-E836-4E8B-A083-69235F6701DD}
		{942E6028-4D28-4DE5-9DFD-51E90F9A3D52} = {2E6B1DBA-E836-4E8B-A083-69235F6701DD}
		{9156FFB3-6ADA-413D-A451-1125B28EFA65} = {2E6B1DBA-E836-4E8B-A083-69235F6701DD}
		{343CCFA8-D653-4415-A35C-BDDCA97E30BE} = {1250236F-9CFA-4609-82C6-024E9E6BA09E}
		{6E1D1909-2261-49AC-8CAB-5BDB957088F7} = {343CCFA8-D653-4415-A35C-BDDCA97E30BE}
		{EC406820-144B-4C3D-A3F3-4C2BE1ACCB76} = {343CCFA8-D653-4415-A35C-BDDCA97E30BE}
		{6C493B17-C887-488A-AF36-F6F1CBD1FA60} = {343CCFA8-D653-4415-A35C-BDDCA97E30BE}
		{7B5AE6E3-CB59-43A2-929D-AF7EEE5EE113} = {1250236F-9CFA-4609-82C6-024E9E6BA09E}
		{AEBCD7B5-5A0C-421B-A6E1-CB33A4A7E1E8} = {0E56B564-6E8F-46F2-BE07-C47779A8A786}
		{2B19923F-AF3F-4FD5-9CCC-0E590C3A4AA0} = {343CCFA8-D653-4415-A35C-BDDCA97E30BE}
	EndGlobalSection
EndGlobal
