
Microsoft Visual Studio Solution File, Format Version 12.00
#
Project("{FAE04EC0-301F-11D3-BF4B-00C04F79EFBC}") = "InnowisePet.Models", "InnowisePet.Models\InnowisePet.Models.csproj", "{AEBCD7B5-5A0C-421B-A6E1-CB33A4A7E1E8}"
EndProject
Project("{FAE04EC0-301F-11D3-BF4B-00C04F79EFBC}") = "InnowisePet.API", "InnowisePet.API\InnowisePet.API.csproj", "{F9DC6D2C-B8AB-40CF-973A-342E01817F6C}"
EndProject
Project("{FAE04EC0-301F-11D3-BF4B-00C04F79EFBC}") = "InnowisePet.DAL", "InnowisePet.DAL\InnowisePet.DAL.csproj", "{1B9DD219-3915-4E60-82BD-7077B3FC8477}"
EndProject
Project("{FAE04EC0-301F-11D3-BF4B-00C04F79EFBC}") = "InnowisePet.BLL", "InnowisePet.BLL\InnowisePet.BLL.csproj", "{B31DF8E5-CE05-4F4B-8DC1-197AF946741A}"
EndProject
Project("{FAE04EC0-301F-11D3-BF4B-00C04F79EFBC}") = "InnowisePet.DTO", "InnowisePet.DTO\InnowisePet.DTO.csproj", "{9508D0D1-8E3F-45D1-9960-ECDC7F25277E}"
EndProject
Project("{FAE04EC0-301F-11D3-BF4B-00C04F79EFBC}") = "InnowisePet.IdentityServer4", "InnowisePet.IdentityServer4\InnowisePet.IdentityServer4.csproj", "{F87BE861-745C-453C-96F2-8DA70F6363B4}"
EndProject
Project("{2150E333-8FDC-42A3-9474-1A3956D46DE8}") = "InnowisePet.Order.Microservice", "InnowisePet.Order.Microservice", "{FDA2182E-FF7A-4B23-BB9B-E820CCCBDEB3}"
EndProject
Project("{2150E333-8FDC-42A3-9474-1A3956D46DE8}") = "InnowisePet.Report", "InnowisePet.Report", "{FBD732F1-9D91-462D-84BB-0308DB7D7F3C}"
EndProject
Project("{FAE04EC0-301F-11D3-BF4B-00C04F79EFBC}") = "InnowisePet.Report.Microservice", "InnowisePet.Report.Microservice\InnowisePet.Report.Microservice.csproj", "{7B272024-F626-48A3-B338-288725CBB838}"
EndProject
Project("{2150E333-8FDC-42A3-9474-1A3956D46DE8}") = "InnowisePet.IdentityServer4", "InnowisePet.IdentityServer4", "{7B5AE6E3-CB59-43A2-929D-AF7EEE5EE113}"
EndProject
Project("{2150E333-8FDC-42A3-9474-1A3956D46DE8}") = "InnowisePet.Models", "InnowisePet.Models", "{DC6FF5D0-34C6-43AA-B348-3975C8C9B479}"
EndProject
Project("{2150E333-8FDC-42A3-9474-1A3956D46DE8}") = "InnowisePet.Common", "InnowisePet.Common", "{0E56B564-6E8F-46F2-BE07-C47779A8A786}"
EndProject
Project("{FAE04EC0-301F-11D3-BF4B-00C04F79EFBC}") = "InnowisePet.Order.Microservice.Producer", "InnowisePet.Order.Microservice.Producer\InnowisePet.Order.Microservice.Producer.csproj", "{34E84862-3608-4424-8ADF-ADE8F126BDD8}"
EndProject
Project("{FAE04EC0-301F-11D3-BF4B-00C04F79EFBC}") = "InnowisePet.Order.Microservice.SharedModels", "InnowisePet.Order.Microservice.SharedModels\InnowisePet.Order.Microservice.SharedModels.csproj", "{CFFD59E5-FC3B-4CC5-B3B3-D9CBA01C279C}"
EndProject
Project("{FAE04EC0-301F-11D3-BF4B-00C04F79EFBC}") = "InnowisePet.Order.Microservice.Consumer", "InnowisePet.Order.Microservice.Consumer\InnowisePet.Order.Microservice.Consumer.csproj", "{AF91200E-007C-4734-ABBE-7B906FAEC19D}"
EndProject
Global
	GlobalSection(SolutionConfigurationPlatforms) = preSolution
		Debug|Any CPU = Debug|Any CPU
		Release|Any CPU = Release|Any CPU
	EndGlobalSection
	GlobalSection(ProjectConfigurationPlatforms) = postSolution
		{AEBCD7B5-5A0C-421B-A6E1-CB33A4A7E1E8}.Debug|Any CPU.ActiveCfg = Debug|Any CPU
		{AEBCD7B5-5A0C-421B-A6E1-CB33A4A7E1E8}.Debug|Any CPU.Build.0 = Debug|Any CPU
		{AEBCD7B5-5A0C-421B-A6E1-CB33A4A7E1E8}.Release|Any CPU.ActiveCfg = Release|Any CPU
		{AEBCD7B5-5A0C-421B-A6E1-CB33A4A7E1E8}.Release|Any CPU.Build.0 = Release|Any CPU
		{F9DC6D2C-B8AB-40CF-973A-342E01817F6C}.Debug|Any CPU.ActiveCfg = Debug|Any CPU
		{F9DC6D2C-B8AB-40CF-973A-342E01817F6C}.Debug|Any CPU.Build.0 = Debug|Any CPU
		{F9DC6D2C-B8AB-40CF-973A-342E01817F6C}.Release|Any CPU.ActiveCfg = Release|Any CPU
		{F9DC6D2C-B8AB-40CF-973A-342E01817F6C}.Release|Any CPU.Build.0 = Release|Any CPU
		{1B9DD219-3915-4E60-82BD-7077B3FC8477}.Debug|Any CPU.ActiveCfg = Debug|Any CPU
		{1B9DD219-3915-4E60-82BD-7077B3FC8477}.Debug|Any CPU.Build.0 = Debug|Any CPU
		{1B9DD219-3915-4E60-82BD-7077B3FC8477}.Release|Any CPU.ActiveCfg = Release|Any CPU
		{1B9DD219-3915-4E60-82BD-7077B3FC8477}.Release|Any CPU.Build.0 = Release|Any CPU
		{B31DF8E5-CE05-4F4B-8DC1-197AF946741A}.Debug|Any CPU.ActiveCfg = Debug|Any CPU
		{B31DF8E5-CE05-4F4B-8DC1-197AF946741A}.Debug|Any CPU.Build.0 = Debug|Any CPU
		{B31DF8E5-CE05-4F4B-8DC1-197AF946741A}.Release|Any CPU.ActiveCfg = Release|Any CPU
		{B31DF8E5-CE05-4F4B-8DC1-197AF946741A}.Release|Any CPU.Build.0 = Release|Any CPU
		{9508D0D1-8E3F-45D1-9960-ECDC7F25277E}.Debug|Any CPU.ActiveCfg = Debug|Any CPU
		{9508D0D1-8E3F-45D1-9960-ECDC7F25277E}.Debug|Any CPU.Build.0 = Debug|Any CPU
		{9508D0D1-8E3F-45D1-9960-ECDC7F25277E}.Release|Any CPU.ActiveCfg = Release|Any CPU
		{9508D0D1-8E3F-45D1-9960-ECDC7F25277E}.Release|Any CPU.Build.0 = Release|Any CPU
		{F87BE861-745C-453C-96F2-8DA70F6363B4}.Debug|Any CPU.ActiveCfg = Debug|Any CPU
		{F87BE861-745C-453C-96F2-8DA70F6363B4}.Debug|Any CPU.Build.0 = Debug|Any CPU
		{F87BE861-745C-453C-96F2-8DA70F6363B4}.Release|Any CPU.ActiveCfg = Release|Any CPU
		{F87BE861-745C-453C-96F2-8DA70F6363B4}.Release|Any CPU.Build.0 = Release|Any CPU
		{7B272024-F626-48A3-B338-288725CBB838}.Debug|Any CPU.ActiveCfg = Debug|Any CPU
		{7B272024-F626-48A3-B338-288725CBB838}.Debug|Any CPU.Build.0 = Debug|Any CPU
		{7B272024-F626-48A3-B338-288725CBB838}.Release|Any CPU.ActiveCfg = Release|Any CPU
		{7B272024-F626-48A3-B338-288725CBB838}.Release|Any CPU.Build.0 = Release|Any CPU
		{34E84862-3608-4424-8ADF-ADE8F126BDD8}.Debug|Any CPU.ActiveCfg = Debug|Any CPU
		{34E84862-3608-4424-8ADF-ADE8F126BDD8}.Debug|Any CPU.Build.0 = Debug|Any CPU
		{34E84862-3608-4424-8ADF-ADE8F126BDD8}.Release|Any CPU.ActiveCfg = Release|Any CPU
		{34E84862-3608-4424-8ADF-ADE8F126BDD8}.Release|Any CPU.Build.0 = Release|Any CPU
		{CFFD59E5-FC3B-4CC5-B3B3-D9CBA01C279C}.Debug|Any CPU.ActiveCfg = Debug|Any CPU
		{CFFD59E5-FC3B-4CC5-B3B3-D9CBA01C279C}.Debug|Any CPU.Build.0 = Debug|Any CPU
		{CFFD59E5-FC3B-4CC5-B3B3-D9CBA01C279C}.Release|Any CPU.ActiveCfg = Release|Any CPU
		{CFFD59E5-FC3B-4CC5-B3B3-D9CBA01C279C}.Release|Any CPU.Build.0 = Release|Any CPU
		{AF91200E-007C-4734-ABBE-7B906FAEC19D}.Debug|Any CPU.ActiveCfg = Debug|Any CPU
		{AF91200E-007C-4734-ABBE-7B906FAEC19D}.Debug|Any CPU.Build.0 = Debug|Any CPU
		{AF91200E-007C-4734-ABBE-7B906FAEC19D}.Release|Any CPU.ActiveCfg = Release|Any CPU
		{AF91200E-007C-4734-ABBE-7B906FAEC19D}.Release|Any CPU.Build.0 = Release|Any CPU
	EndGlobalSection
	GlobalSection(NestedProjects) = preSolution
		{7B272024-F626-48A3-B338-288725CBB838} = {FBD732F1-9D91-462D-84BB-0308DB7D7F3C}
		{F87BE861-745C-453C-96F2-8DA70F6363B4} = {7B5AE6E3-CB59-43A2-929D-AF7EEE5EE113}
		{AEBCD7B5-5A0C-421B-A6E1-CB33A4A7E1E8} = {DC6FF5D0-34C6-43AA-B348-3975C8C9B479}
		{9508D0D1-8E3F-45D1-9960-ECDC7F25277E} = {DC6FF5D0-34C6-43AA-B348-3975C8C9B479}
		{F9DC6D2C-B8AB-40CF-973A-342E01817F6C} = {0E56B564-6E8F-46F2-BE07-C47779A8A786}
		{B31DF8E5-CE05-4F4B-8DC1-197AF946741A} = {0E56B564-6E8F-46F2-BE07-C47779A8A786}
		{1B9DD219-3915-4E60-82BD-7077B3FC8477} = {0E56B564-6E8F-46F2-BE07-C47779A8A786}
		{34E84862-3608-4424-8ADF-ADE8F126BDD8} = {FDA2182E-FF7A-4B23-BB9B-E820CCCBDEB3}
		{CFFD59E5-FC3B-4CC5-B3B3-D9CBA01C279C} = {FDA2182E-FF7A-4B23-BB9B-E820CCCBDEB3}
		{AF91200E-007C-4734-ABBE-7B906FAEC19D} = {FDA2182E-FF7A-4B23-BB9B-E820CCCBDEB3}
	EndGlobalSection
EndGlobal
